
Microsoft Visual Studio Solution File, Format Version 12.00
# Visual Studio Version 16
VisualStudioVersion = 16.0.31009.304
MinimumVisualStudioVersion = 10.0.40219.1
Project("{FAE04EC0-301F-11D3-BF4B-00C04F79EFBC}") = "ProgressiveTaxCalculator", "ProgressiveTaxCalculator.csproj", "{BC00EECF-E2AA-4C71-9ACF-1C8DEADC0083}"
EndProject
Project("{FAE04EC0-301F-11D3-BF4B-00C04F79EFBC}") = "ProgressiveTaxCalculatorTests", "..\ProgressiveTaxCalculatorTests\ProgressiveTaxCalculatorTests.csproj", "{5CEC57F9-CF60-4667-A755-D1702F39F92B}"
EndProject
Global
	GlobalSection(SolutionConfigurationPlatforms) = preSolution
		Debug|Any CPU = Debug|Any CPU
		Release|Any CPU = Release|Any CPU
	EndGlobalSection
	GlobalSection(ProjectConfigurationPlatforms) = postSolution
		{BC00EECF-E2AA-4C71-9ACF-1C8DEADC0083}.Debug|Any CPU.ActiveCfg = Debug|Any CPU
		{BC00EECF-E2AA-4C71-9ACF-1C8DEADC0083}.Debug|Any CPU.Build.0 = Debug|Any CPU
		{BC00EECF-E2AA-4C71-9ACF-1C8DEADC0083}.Release|Any CPU.ActiveCfg = Release|Any CPU
		{BC00EECF-E2AA-4C71-9ACF-1C8DEADC0083}.Release|Any CPU.Build.0 = Release|Any CPU
		{5CEC57F9-CF60-4667-A755-D1702F39F92B}.Debug|Any CPU.ActiveCfg = Debug|Any CPU
		{5CEC57F9-CF60-4667-A755-D1702F39F92B}.Debug|Any CPU.Build.0 = Debug|Any CPU
		{5CEC57F9-CF60-4667-A755-D1702F39F92B}.Release|Any CPU.ActiveCfg = Release|Any CPU
		{5CEC57F9-CF60-4667-A755-D1702F39F92B}.Release|Any CPU.Build.0 = Release|Any CPU
	EndGlobalSection
	GlobalSection(SolutionProperties) = preSolution
		HideSolutionNode = FALSE
	EndGlobalSection
	GlobalSection(ExtensibilityGlobals) = postSolution
		SolutionGuid = {D6D63EA5-1187-4C45-8692-A2F7358BD636}
	EndGlobalSection
EndGlobal
